
Microsoft Visual Studio Solution File, Format Version 12.00
# Visual Studio Version 16
VisualStudioVersion = 16.0.32901.82
MinimumVisualStudioVersion = 10.0.40219.1
Project("{FAE04EC0-301F-11D3-BF4B-00C04F79EFBC}") = "MyShop.Core", "MyShop.Core\MyShop.Core.csproj", "{BBD9D95B-3669-4F5F-8645-47E88D241B8B}"
EndProject
Project("{FAE04EC0-301F-11D3-BF4B-00C04F79EFBC}") = "MyShop.Services", "MyShop.Services\MyShop.Services.csproj", "{457A7127-14BA-450F-8EEE-1220B2E9A380}"
EndProject
Project("{FAE04EC0-301F-11D3-BF4B-00C04F79EFBC}") = "MyShop.DataAccess.SQL", "MyShop.DataAccess.SQL\MyShop.DataAccess.SQL.csproj", "{0FAEAA0E-BF22-4496-8DC3-758CA4E2A12A}"
EndProject
Project("{FAE04EC0-301F-11D3-BF4B-00C04F79EFBC}") = "MyShop.DataAccess.InMemory", "MyShop.DataAccess.InMemory\MyShop.DataAccess.InMemory.csproj", "{EC2DA58E-C617-4DAA-B105-3CE5E0D763E9}"
EndProject
Project("{FAE04EC0-301F-11D3-BF4B-00C04F79EFBC}") = "MyShop.WebUI", "MyShop.WebUI\MyShop.WebUI.csproj", "{142FFC6E-F4B2-407A-A156-881C747913C2}"
EndProject
Project("{FAE04EC0-301F-11D3-BF4B-00C04F79EFBC}") = "MyShop.WebUI.Tests", "MyShop.WebUI.Tests\MyShop.WebUI.Tests.csproj", "{EBFA4490-CC34-47A6-B6E7-B83F219EEFF5}"
EndProject
Global
	GlobalSection(SolutionConfigurationPlatforms) = preSolution
		Debug|Any CPU = Debug|Any CPU
		Release|Any CPU = Release|Any CPU
	EndGlobalSection
	GlobalSection(ProjectConfigurationPlatforms) = postSolution
		{BBD9D95B-3669-4F5F-8645-47E88D241B8B}.Debug|Any CPU.ActiveCfg = Debug|Any CPU
		{BBD9D95B-3669-4F5F-8645-47E88D241B8B}.Debug|Any CPU.Build.0 = Debug|Any CPU
		{BBD9D95B-3669-4F5F-8645-47E88D241B8B}.Release|Any CPU.ActiveCfg = Release|Any CPU
		{BBD9D95B-3669-4F5F-8645-47E88D241B8B}.Release|Any CPU.Build.0 = Release|Any CPU
		{457A7127-14BA-450F-8EEE-1220B2E9A380}.Debug|Any CPU.ActiveCfg = Debug|Any CPU
		{457A7127-14BA-450F-8EEE-1220B2E9A380}.Debug|Any CPU.Build.0 = Debug|Any CPU
		{457A7127-14BA-450F-8EEE-1220B2E9A380}.Release|Any CPU.ActiveCfg = Release|Any CPU
		{457A7127-14BA-450F-8EEE-1220B2E9A380}.Release|Any CPU.Build.0 = Release|Any CPU
		{0FAEAA0E-BF22-4496-8DC3-758CA4E2A12A}.Debug|Any CPU.ActiveCfg = Debug|Any CPU
		{0FAEAA0E-BF22-4496-8DC3-758CA4E2A12A}.Debug|Any CPU.Build.0 = Debug|Any CPU
		{0FAEAA0E-BF22-4496-8DC3-758CA4E2A12A}.Release|Any CPU.ActiveCfg = Release|Any CPU
		{0FAEAA0E-BF22-4496-8DC3-758CA4E2A12A}.Release|Any CPU.Build.0 = Release|Any CPU
		{EC2DA58E-C617-4DAA-B105-3CE5E0D763E9}.Debug|Any CPU.ActiveCfg = Debug|Any CPU
		{EC2DA58E-C617-4DAA-B105-3CE5E0D763E9}.Debug|Any CPU.Build.0 = Debug|Any CPU
		{EC2DA58E-C617-4DAA-B105-3CE5E0D763E9}.Release|Any CPU.ActiveCfg = Release|Any CPU
		{EC2DA58E-C617-4DAA-B105-3CE5E0D763E9}.Release|Any CPU.Build.0 = Release|Any CPU
		{142FFC6E-F4B2-407A-A156-881C747913C2}.Debug|Any CPU.ActiveCfg = Debug|Any CPU
		{142FFC6E-F4B2-407A-A156-881C747913C2}.Debug|Any CPU.Build.0 = Debug|Any CPU
		{142FFC6E-F4B2-407A-A156-881C747913C2}.Release|Any CPU.ActiveCfg = Release|Any CPU
		{142FFC6E-F4B2-407A-A156-881C747913C2}.Release|Any CPU.Build.0 = Release|Any CPU
		{EBFA4490-CC34-47A6-B6E7-B83F219EEFF5}.Debug|Any CPU.ActiveCfg = Debug|Any CPU
		{EBFA4490-CC34-47A6-B6E7-B83F219EEFF5}.Debug|Any CPU.Build.0 = Debug|Any CPU
		{EBFA4490-CC34-47A6-B6E7-B83F219EEFF5}.Release|Any CPU.ActiveCfg = Release|Any CPU
		{EBFA4490-CC34-47A6-B6E7-B83F219EEFF5}.Release|Any CPU.Build.0 = Release|Any CPU
	EndGlobalSection
	GlobalSection(SolutionProperties) = preSolution
		HideSolutionNode = FALSE
	EndGlobalSection
	GlobalSection(ExtensibilityGlobals) = postSolution
		SolutionGuid = {B72A117B-85D6-4A8F-A39F-03D582316238}
	EndGlobalSection
EndGlobal
